{
  "name": "retegi",
  "lockfileVersion": 3,
  "requires": true,
  "packages": {
    "": {
      "dependencies": {
        "tinymce": "^7.6.0"
      }
    },
    "node_modules/tinymce": {
      "version": "7.6.0",
      "resolved": "https://registry.npmjs.org/tinymce/-/tinymce-7.6.0.tgz",
      "integrity": "sha512-kUrklnD7H8JbpSDEGRh51GKK6Mrf+pR9neSDzUHvXKV+2oRtMB7sqfAtEOnM0/WKdstwaX0qoNCZNo2H1Y0EFA=="
    }
  }
}
